
Microsoft Visual Studio Solution File, Format Version 12.00
# Visual Studio Version 16
VisualStudioVersion = 16.0.30717.126
MinimumVisualStudioVersion = 10.0.40219.1
Project("{FAE04EC0-301F-11D3-BF4B-00C04F79EFBC}") = "compuSciProj2020", "compuSciProj2020.csproj", "{F7CAC65D-6947-464A-8549-629FA9C6BBCD}"
EndProject
Global
	GlobalSection(SolutionConfigurationPlatforms) = preSolution
		Debug|Any CPU = Debug|Any CPU
		Release|Any CPU = Release|Any CPU
	EndGlobalSection
	GlobalSection(ProjectConfigurationPlatforms) = postSolution
		{F7CAC65D-6947-464A-8549-629FA9C6BBCD}.Debug|Any CPU.ActiveCfg = Debug|Any CPU
		{F7CAC65D-6947-464A-8549-629FA9C6BBCD}.Debug|Any CPU.Build.0 = Debug|Any CPU
		{F7CAC65D-6947-464A-8549-629FA9C6BBCD}.Release|Any CPU.ActiveCfg = Release|Any CPU
		{F7CAC65D-6947-464A-8549-629FA9C6BBCD}.Release|Any CPU.Build.0 = Release|Any CPU
	EndGlobalSection
	GlobalSection(SolutionProperties) = preSolution
		HideSolutionNode = FALSE
	EndGlobalSection
	GlobalSection(ExtensibilityGlobals) = postSolution
		SolutionGuid = {2143625B-A372-4675-8857-59A5A8206ACA}
	EndGlobalSection
EndGlobal
